// !$*UTF8*$!
{
	archiveVersion = 1;
	classes = {
	};
	objectVersion = 46;
	objects = {

/* Begin PBXBuildFile section */
		C03876681A251DFF00ADFB88 /* AppDelegate.swift in Sources */ = {isa = PBXBuildFile; fileRef = C03876671A251DFF00ADFB88 /* AppDelegate.swift */; };
		C038766A1A251DFF00ADFB88 /* ViewController.swift in Sources */ = {isa = PBXBuildFile; fileRef = C03876691A251DFF00ADFB88 /* ViewController.swift */; };
		C038766D1A251DFF00ADFB88 /* Main.storyboard in Resources */ = {isa = PBXBuildFile; fileRef = C038766B1A251DFF00ADFB88 /* Main.storyboard */; };
		C038766F1A251DFF00ADFB88 /* Images.xcassets in Resources */ = {isa = PBXBuildFile; fileRef = C038766E1A251DFF00ADFB88 /* Images.xcassets */; };
		C03876721A251DFF00ADFB88 /* LaunchScreen.xib in Resources */ = {isa = PBXBuildFile; fileRef = C03876701A251DFF00ADFB88 /* LaunchScreen.xib */; };
		C038767E1A251DFF00ADFB88 /* CPC_iOSTests.swift in Sources */ = {isa = PBXBuildFile; fileRef = C038767D1A251DFF00ADFB88 /* CPC_iOSTests.swift */; };
/* End PBXBuildFile section */

/* Begin PBXContainerItemProxy section */
		C03876781A251DFF00ADFB88 /* PBXContainerItemProxy */ = {
			isa = PBXContainerItemProxy;
			containerPortal = C038765A1A251DFF00ADFB88 /* Project object */;
			proxyType = 1;
			remoteGlobalIDString = C03876611A251DFF00ADFB88;
			remoteInfo = CPC_iOS;
		};
/* End PBXContainerItemProxy section */

/* Begin PBXFileReference section */
		C03876621A251DFF00ADFB88 /* CPC_iOS.app */ = {isa = PBXFileReference; explicitFileType = wrapper.application; includeInIndex = 0; path = CPC_iOS.app; sourceTree = BUILT_PRODUCTS_DIR; };
		C03876661A251DFF00ADFB88 /* Info.plist */ = {isa = PBXFileReference; lastKnownFileType = text.plist.xml; path = Info.plist; sourceTree = "<group>"; };
		C03876671A251DFF00ADFB88 /* AppDelegate.swift */ = {isa = PBXFileReference; lastKnownFileType = sourcecode.swift; path = AppDelegate.swift; sourceTree = "<group>"; };
		C03876691A251DFF00ADFB88 /* ViewController.swift */ = {isa = PBXFileReference; lastKnownFileType = sourcecode.swift; path = ViewController.swift; sourceTree = "<group>"; };
		C038766C1A251DFF00ADFB88 /* Base */ = {isa = PBXFileReference; lastKnownFileType = file.storyboard; name = Base; path = Base.lproj/Main.storyboard; sourceTree = "<group>"; };
		C038766E1A251DFF00ADFB88 /* Images.xcassets */ = {isa = PBXFileReference; lastKnownFileType = folder.assetcatalog; path = Images.xcassets; sourceTree = "<group>"; };
		C03876711A251DFF00ADFB88 /* Base */ = {isa = PBXFileReference; lastKnownFileType = file.xib; name = Base; path = Base.lproj/LaunchScreen.xib; sourceTree = "<group>"; };
		C03876771A251DFF00ADFB88 /* CPC_iOSTests.xctest */ = {isa = PBXFileReference; explicitFileType = wrapper.cfbundle; includeInIndex = 0; path = CPC_iOSTests.xctest; sourceTree = BUILT_PRODUCTS_DIR; };
		C038767C1A251DFF00ADFB88 /* Info.plist */ = {isa = PBXFileReference; lastKnownFileType = text.plist.xml; path = Info.plist; sourceTree = "<group>"; };
		C038767D1A251DFF00ADFB88 /* CPC_iOSTests.swift */ = {isa = PBXFileReference; lastKnownFileType = sourcecode.swift; path = CPC_iOSTests.swift; sourceTree = "<group>"; };
/* End PBXFileReference section */

/* Begin PBXFrameworksBuildPhase section */
		C038765F1A251DFF00ADFB88 /* Frameworks */ = {
			isa = PBXFrameworksBuildPhase;
			buildActionMask = 2147483647;
			files = (
			);
			runOnlyForDeploymentPostprocessing = 0;
		};
		C03876741A251DFF00ADFB88 /* Frameworks */ = {
			isa = PBXFrameworksBuildPhase;
			buildActionMask = 2147483647;
			files = (
			);
			runOnlyForDeploymentPostprocessing = 0;
		};
/* End PBXFrameworksBuildPhase section */

/* Begin PBXGroup section */
		C03876591A251DFF00ADFB88 = {
			isa = PBXGroup;
			children = (
				C03876641A251DFF00ADFB88 /* CPC_iOS */,
				C038767A1A251DFF00ADFB88 /* CPC_iOSTests */,
				C03876631A251DFF00ADFB88 /* Products */,
			);
			sourceTree = "<group>";
		};
		C03876631A251DFF00ADFB88 /* Products */ = {
			isa = PBXGroup;
			children = (
				C03876621A251DFF00ADFB88 /* CPC_iOS.app */,
				C03876771A251DFF00ADFB88 /* CPC_iOSTests.xctest */,
			);
			name = Products;
			sourceTree = "<group>";
		};
		C03876641A251DFF00ADFB88 /* CPC_iOS */ = {
			isa = PBXGroup;
			children = (
				C03876671A251DFF00ADFB88 /* AppDelegate.swift */,
				C03876691A251DFF00ADFB88 /* ViewController.swift */,
				C038766B1A251DFF00ADFB88 /* Main.storyboard */,
				C038766E1A251DFF00ADFB88 /* Images.xcassets */,
				C03876701A251DFF00ADFB88 /* LaunchScreen.xib */,
				C03876651A251DFF00ADFB88 /* Supporting Files */,
			);
			path = CPC_iOS;
			sourceTree = "<group>";
		};
		C03876651A251DFF00ADFB88 /* Supporting Files */ = {
			isa = PBXGroup;
			children = (
				C03876661A251DFF00ADFB88 /* Info.plist */,
			);
			name = "Supporting Files";
			sourceTree = "<group>";
		};
		C038767A1A251DFF00ADFB88 /* CPC_iOSTests */ = {
			isa = PBXGroup;
			children = (
				C038767D1A251DFF00ADFB88 /* CPC_iOSTests.swift */,
				C038767B1A251DFF00ADFB88 /* Supporting Files */,
			);
			path = CPC_iOSTests;
			sourceTree = "<group>";
		};
		C038767B1A251DFF00ADFB88 /* Supporting Files */ = {
			isa = PBXGroup;
			children = (
				C038767C1A251DFF00ADFB88 /* Info.plist */,
			);
			name = "Supporting Files";
			sourceTree = "<group>";
		};
/* End PBXGroup section */

/* Begin PBXNativeTarget section */
		C03876611A251DFF00ADFB88 /* CPC_iOS */ = {
			isa = PBXNativeTarget;
			buildConfigurationList = C03876811A251DFF00ADFB88 /* Build configuration list for PBXNativeTarget "CPC_iOS" */;
			buildPhases = (
				C038765E1A251DFF00ADFB88 /* Sources */,
				C038765F1A251DFF00ADFB88 /* Frameworks */,
				C03876601A251DFF00ADFB88 /* Resources */,
			);
			buildRules = (
			);
			dependencies = (
			);
			name = CPC_iOS;
			productName = CPC_iOS;
			productReference = C03876621A251DFF00ADFB88 /* CPC_iOS.app */;
			productType = "com.apple.product-type.application";
		};
		C03876761A251DFF00ADFB88 /* CPC_iOSTests */ = {
			isa = PBXNativeTarget;
			buildConfigurationList = C03876841A251DFF00ADFB88 /* Build configuration list for PBXNativeTarget "CPC_iOSTests" */;
			buildPhases = (
				C03876731A251DFF00ADFB88 /* Sources */,
				C03876741A251DFF00ADFB88 /* Frameworks */,
				C03876751A251DFF00ADFB88 /* Resources */,
			);
			buildRules = (
			);
			dependencies = (
				C03876791A251DFF00ADFB88 /* PBXTargetDependency */,
			);
			name = CPC_iOSTests;
			productName = CPC_iOSTests;
			productReference = C03876771A251DFF00ADFB88 /* CPC_iOSTests.xctest */;
			productType = "com.apple.product-type.bundle.unit-test";
		};
/* End PBXNativeTarget section */

/* Begin PBXProject section */
		C038765A1A251DFF00ADFB88 /* Project object */ = {
			isa = PBXProject;
			attributes = {
				LastUpgradeCheck = 0610;
				ORGANIZATIONNAME = "Harrison Balogh";
				TargetAttributes = {
					C03876611A251DFF00ADFB88 = {
						CreatedOnToolsVersion = 6.1;
					};
					C03876761A251DFF00ADFB88 = {
						CreatedOnToolsVersion = 6.1;
						TestTargetID = C03876611A251DFF00ADFB88;
					};
				};
			};
			buildConfigurationList = C038765D1A251DFF00ADFB88 /* Build configuration list for PBXProject "CPC_iOS" */;
			compatibilityVersion = "Xcode 3.2";
			developmentRegion = English;
			hasScannedForEncodings = 0;
			knownRegions = (
				en,
				Base,
			);
			mainGroup = C03876591A251DFF00ADFB88;
			productRefGroup = C03876631A251DFF00ADFB88 /* Products */;
			projectDirPath = "";
			projectRoot = "";
			targets = (
				C03876611A251DFF00ADFB88 /* CPC_iOS */,
				C03876761A251DFF00ADFB88 /* CPC_iOSTests */,
			);
		};
/* End PBXProject section */

/* Begin PBXResourcesBuildPhase section */
		C03876601A251DFF00ADFB88 /* Resources */ = {
			isa = PBXResourcesBuildPhase;
			buildActionMask = 2147483647;
			files = (
				C038766D1A251DFF00ADFB88 /* Main.storyboard in Resources */,
				C03876721A251DFF00ADFB88 /* LaunchScreen.xib in Resources */,
				C038766F1A251DFF00ADFB88 /* Images.xcassets in Resources */,
			);
			runOnlyForDeploymentPostprocessing = 0;
		};
		C03876751A251DFF00ADFB88 /* Resources */ = {
			isa = PBXResourcesBuildPhase;
			buildActionMask = 2147483647;
			files = (
			);
			runOnlyForDeploymentPostprocessing = 0;
		};
/* End PBXResourcesBuildPhase section */

/* Begin PBXSourcesBuildPhase section */
		C038765E1A251DFF00ADFB88 /* Sources */ = {
			isa = PBXSourcesBuildPhase;
			buildActionMask = 2147483647;
			files = (
				C038766A1A251DFF00ADFB88 /* ViewController.swift in Sources */,
				C03876681A251DFF00ADFB88 /* AppDelegate.swift in Sources */,
			);
			runOnlyForDeploymentPostprocessing = 0;
		};
		C03876731A251DFF00ADFB88 /* Sources */ = {
			isa = PBXSourcesBuildPhase;
			buildActionMask = 2147483647;
			files = (
				C038767E1A251DFF00ADFB88 /* CPC_iOSTests.swift in Sources */,
			);
			runOnlyForDeploymentPostprocessing = 0;
		};
/* End PBXSourcesBuildPhase section */

/* Begin PBXTargetDependency section */
		C03876791A251DFF00ADFB88 /* PBXTargetDependency */ = {
			isa = PBXTargetDependency;
			target = C03876611A251DFF00ADFB88 /* CPC_iOS */;
			targetProxy = C03876781A251DFF00ADFB88 /* PBXContainerItemProxy */;
		};
/* End PBXTargetDependency section */

/* Begin PBXVariantGroup section */
		C038766B1A251DFF00ADFB88 /* Main.storyboard */ = {
			isa = PBXVariantGroup;
			children = (
				C038766C1A251DFF00ADFB88 /* Base */,
			);
			name = Main.storyboard;
			sourceTree = "<group>";
		};
		C03876701A251DFF00ADFB88 /* LaunchScreen.xib */ = {
			isa = PBXVariantGroup;
			children = (
				C03876711A251DFF00ADFB88 /* Base */,
			);
			name = LaunchScreen.xib;
			sourceTree = "<group>";
		};
/* End PBXVariantGroup section */

/* Begin XCBuildConfiguration section */
		C038767F1A251DFF00ADFB88 /* Debug */ = {
			isa = XCBuildConfiguration;
			buildSettings = {
				ALWAYS_SEARCH_USER_PATHS = NO;
				CLANG_CXX_LANGUAGE_STANDARD = "gnu++0x";
				CLANG_CXX_LIBRARY = "libc++";
				CLANG_ENABLE_MODULES = YES;
				CLANG_ENABLE_OBJC_ARC = YES;
				CLANG_WARN_BOOL_CONVERSION = YES;
				CLANG_WARN_CONSTANT_CONVERSION = YES;
				CLANG_WARN_DIRECT_OBJC_ISA_USAGE = YES_ERROR;
				CLANG_WARN_EMPTY_BODY = YES;
				CLANG_WARN_ENUM_CONVERSION = YES;
				CLANG_WARN_INT_CONVERSION = YES;
				CLANG_WARN_OBJC_ROOT_CLASS = YES_ERROR;
				CLANG_WARN_UNREACHABLE_CODE = YES;
				CLANG_WARN__DUPLICATE_METHOD_MATCH = YES;
				"CODE_SIGN_IDENTITY[sdk=iphoneos*]" = "iPhone Developer";
				COPY_PHASE_STRIP = NO;
				ENABLE_STRICT_OBJC_MSGSEND = YES;
				GCC_C_LANGUAGE_STANDARD = gnu99;
				GCC_DYNAMIC_NO_PIC = NO;
				GCC_OPTIMIZATION_LEVEL = 0;
				GCC_PREPROCESSOR_DEFINITIONS = (
					"DEBUG=1",
					"$(inherited)",
				);
				GCC_SYMBOLS_PRIVATE_EXTERN = NO;
				GCC_WARN_64_TO_32_BIT_CONVERSION = YES;
				GCC_WARN_ABOUT_RETURN_TYPE = YES_ERROR;
				GCC_WARN_UNDECLARED_SELECTOR = YES;
				GCC_WARN_UNINITIALIZED_AUTOS = YES_AGGRESSIVE;
				GCC_WARN_UNUSED_FUNCTION = YES;
				GCC_WARN_UNUSED_VARIABLE = YES;
				IPHONEOS_DEPLOYMENT_TARGET = 8.1;
				MTL_ENABLE_DEBUG_INFO = YES;
				ONLY_ACTIVE_ARCH = YES;
				SDKROOT = iphoneos;
				SWIFT_OPTIMIZATION_LEVEL = "-Onone";
			};
			name = Debug;
		};
		C03876801A251DFF00ADFB88 /* Release */ = {
			isa = XCBuildConfiguration;
			buildSettings = {
				ALWAYS_SEARCH_USER_PATHS = NO;
				CLANG_CXX_LANGUAGE_STANDARD = "gnu++0x";
				CLANG_CXX_LIBRARY = "libc++";
				CLANG_ENABLE_MODULES = YES;
				CLANG_ENABLE_OBJC_ARC = YES;
				CLANG_WARN_BOOL_CONVERSION = YES;
				CLANG_WARN_CONSTANT_CONVERSION = YES;
				CLANG_WARN_DIRECT_OBJC_ISA_USAGE = YES_ERROR;
				CLANG_WARN_EMPTY_BODY = YES;
				CLANG_WARN_ENUM_CONVERSION = YES;
				CLANG_WARN_INT_CONVERSION = YES;
				CLANG_WARN_OBJC_ROOT_CLASS = YES_ERROR;
				CLANG_WARN_UNREACHABLE_CODE = YES;
				CLANG_WARN__DUPLICATE_METHOD_MATCH = YES;
				"CODE_SIGN_IDENTITY[sdk=iphoneos*]" = "iPhone Developer";
				COPY_PHASE_STRIP = YES;
				ENABLE_NS_ASSERTIONS = NO;
				ENABLE_STRICT_OBJC_MSGSEND = YES;
				GCC_C_LANGUAGE_STANDARD = gnu99;
				GCC_WARN_64_TO_32_BIT_CONVERSION = YES;
				GCC_WARN_ABOUT_RETURN_TYPE = YES_ERROR;
				GCC_WARN_UNDECLARED_SELECTOR = YES;
				GCC_WARN_UNINITIALIZED_AUTOS = YES_AGGRESSIVE;
				GCC_WARN_UNUSED_FUNCTION = YES;
				GCC_WARN_UNUSED_VARIABLE = YES;
				IPHONEOS_DEPLOYMENT_TARGET = 8.1;
				MTL_ENABLE_DEBUG_INFO = NO;
				SDKROOT = iphoneos;
				VALIDATE_PRODUCT = YES;
			};
			name = Release;
		};
		C03876821A251DFF00ADFB88 /* Debug */ = {
			isa = XCBuildConfiguration;
			buildSettings = {
				ASSETCATALOG_COMPILER_APPICON_NAME = AppIcon;
				INFOPLIST_FILE = CPC_iOS/Info.plist;
				LD_RUNPATH_SEARCH_PATHS = "$(inherited) @executable_path/Frameworks";
				PRODUCT_NAME = "$(TARGET_NAME)";
			};
			name = Debug;
		};
		C03876831A251DFF00ADFB88 /* Release */ = {
			isa = XCBuildConfiguration;
			buildSettings = {
				ASSETCATALOG_COMPILER_APPICON_NAME = AppIcon;
				INFOPLIST_FILE = CPC_iOS/Info.plist;
				LD_RUNPATH_SEARCH_PATHS = "$(inherited) @executable_path/Frameworks";
				PRODUCT_NAME = "$(TARGET_NAME)";
			};
			name = Release;
		};
		C03876851A251DFF00ADFB88 /* Debug */ = {
			isa = XCBuildConfiguration;
			buildSettings = {
				BUNDLE_LOADER = "$(TEST_HOST)";
				FRAMEWORK_SEARCH_PATHS = (
					"$(SDKROOT)/Developer/Library/Frameworks",
					"$(inherited)",
				);
				GCC_PREPROCESSOR_DEFINITIONS = (
					"DEBUG=1",
					"$(inherited)",
				);
				INFOPLIST_FILE = CPC_iOSTests/Info.plist;
				LD_RUNPATH_SEARCH_PATHS = "$(inherited) @executable_path/Frameworks @loader_path/Frameworks";
				PRODUCT_NAME = "$(TARGET_NAME)";
				TEST_HOST = "$(BUILT_PRODUCTS_DIR)/CPC_iOS.app/CPC_iOS";
			};
			name = Debug;
		};
		C03876861A251DFF00ADFB88 /* Release */ = {
			isa = XCBuildConfiguration;
			buildSettings = {
				BUNDLE_LOADER = "$(TEST_HOST)";
				FRAMEWORK_SEARCH_PATHS = (
					"$(SDKROOT)/Developer/Library/Frameworks",
					"$(inherited)",
				);
				INFOPLIST_FILE = CPC_iOSTests/Info.plist;
				LD_RUNPATH_SEARCH_PATHS = "$(inherited) @executable_path/Frameworks @loader_path/Frameworks";
				PRODUCT_NAME = "$(TARGET_NAME)";
				TEST_HOST = "$(BUILT_PRODUCTS_DIR)/CPC_iOS.app/CPC_iOS";
			};
			name = Release;
		};
/* End XCBuildConfiguration section */

/* Begin XCConfigurationList section */
		C038765D1A251DFF00ADFB88 /* Build configuration list for PBXProject "CPC_iOS" */ = {
			isa = XCConfigurationList;
			buildConfigurations = (
				C038767F1A251DFF00ADFB88 /* Debug */,
				C03876801A251DFF00ADFB88 /* Release */,
			);
			defaultConfigurationIsVisible = 0;
			defaultConfigurationName = Release;
		};
		C03876811A251DFF00ADFB88 /* Build configuration list for PBXNativeTarget "CPC_iOS" */ = {
			isa = XCConfigurationList;
			buildConfigurations = (
				C03876821A251DFF00ADFB88 /* Debug */,
				C03876831A251DFF00ADFB88 /* Release */,
			);
			defaultConfigurationIsVisible = 0;
		};
		C03876841A251DFF00ADFB88 /* Build configuration list for PBXNativeTarget "CPC_iOSTests" */ = {
			isa = XCConfigurationList;
			buildConfigurations = (
				C03876851A251DFF00ADFB88 /* Debug */,
				C03876861A251DFF00ADFB88 /* Release */,
			);
			defaultConfigurationIsVisible = 0;
		};
/* End XCConfigurationList section */
	};
	rootObject = C038765A1A251DFF00ADFB88 /* Project object */;
}
