// !$*UTF8*$!
{
	archiveVersion = 1;
	classes = {
	};
	objectVersion = 46;
	objects = {

/* Begin PBXBuildFile section */
		42BFB28E1AC393270039AA2C /* main.m in Sources */ = {isa = PBXBuildFile; fileRef = 42BFB28D1AC393270039AA2C /* main.m */; };
		42BFB2911AC393270039AA2C /* AppDelegate.m in Sources */ = {isa = PBXBuildFile; fileRef = 42BFB2901AC393270039AA2C /* AppDelegate.m */; };
		42BFB2941AC393270039AA2C /* ViewController.m in Sources */ = {isa = PBXBuildFile; fileRef = 42BFB2931AC393270039AA2C /* ViewController.m */; };
		42BFB2971AC393270039AA2C /* Main.storyboard in Resources */ = {isa = PBXBuildFile; fileRef = 42BFB2951AC393270039AA2C /* Main.storyboard */; };
		42BFB2991AC393270039AA2C /* Images.xcassets in Resources */ = {isa = PBXBuildFile; fileRef = 42BFB2981AC393270039AA2C /* Images.xcassets */; };
		42BFB29C1AC393270039AA2C /* LaunchScreen.xib in Resources */ = {isa = PBXBuildFile; fileRef = 42BFB29A1AC393270039AA2C /* LaunchScreen.xib */; };
		42BFB2A81AC393270039AA2C /* CPC_iOS_WallaceTests.m in Sources */ = {isa = PBXBuildFile; fileRef = 42BFB2A71AC393270039AA2C /* CPC_iOS_WallaceTests.m */; };
		42BFB2B31AC39B550039AA2C /* Grade Distribution Logo.png in Resources */ = {isa = PBXBuildFile; fileRef = 42BFB2B21AC39B550039AA2C /* Grade Distribution Logo.png */; };
/* End PBXBuildFile section */

/* Begin PBXContainerItemProxy section */
		42BFB2A21AC393270039AA2C /* PBXContainerItemProxy */ = {
			isa = PBXContainerItemProxy;
			containerPortal = 42BFB2801AC393270039AA2C /* Project object */;
			proxyType = 1;
			remoteGlobalIDString = 42BFB2871AC393270039AA2C;
			remoteInfo = "CPC iOS Wallace";
		};
/* End PBXContainerItemProxy section */

/* Begin PBXFileReference section */
		42BFB2881AC393270039AA2C /* CPC iOS Wallace.app */ = {isa = PBXFileReference; explicitFileType = wrapper.application; includeInIndex = 0; path = "CPC iOS Wallace.app"; sourceTree = BUILT_PRODUCTS_DIR; };
		42BFB28C1AC393270039AA2C /* Info.plist */ = {isa = PBXFileReference; lastKnownFileType = text.plist.xml; path = Info.plist; sourceTree = "<group>"; };
		42BFB28D1AC393270039AA2C /* main.m */ = {isa = PBXFileReference; lastKnownFileType = sourcecode.c.objc; path = main.m; sourceTree = "<group>"; };
		42BFB28F1AC393270039AA2C /* AppDelegate.h */ = {isa = PBXFileReference; lastKnownFileType = sourcecode.c.h; path = AppDelegate.h; sourceTree = "<group>"; };
		42BFB2901AC393270039AA2C /* AppDelegate.m */ = {isa = PBXFileReference; lastKnownFileType = sourcecode.c.objc; path = AppDelegate.m; sourceTree = "<group>"; };
		42BFB2921AC393270039AA2C /* ViewController.h */ = {isa = PBXFileReference; lastKnownFileType = sourcecode.c.h; path = ViewController.h; sourceTree = "<group>"; };
		42BFB2931AC393270039AA2C /* ViewController.m */ = {isa = PBXFileReference; lastKnownFileType = sourcecode.c.objc; path = ViewController.m; sourceTree = "<group>"; };
		42BFB2961AC393270039AA2C /* Base */ = {isa = PBXFileReference; lastKnownFileType = file.storyboard; name = Base; path = Base.lproj/Main.storyboard; sourceTree = "<group>"; };
		42BFB2981AC393270039AA2C /* Images.xcassets */ = {isa = PBXFileReference; lastKnownFileType = folder.assetcatalog; path = Images.xcassets; sourceTree = "<group>"; };
		42BFB29B1AC393270039AA2C /* Base */ = {isa = PBXFileReference; lastKnownFileType = file.xib; name = Base; path = Base.lproj/LaunchScreen.xib; sourceTree = "<group>"; };
		42BFB2A11AC393270039AA2C /* CPC iOS WallaceTests.xctest */ = {isa = PBXFileReference; explicitFileType = wrapper.cfbundle; includeInIndex = 0; path = "CPC iOS WallaceTests.xctest"; sourceTree = BUILT_PRODUCTS_DIR; };
		42BFB2A61AC393270039AA2C /* Info.plist */ = {isa = PBXFileReference; lastKnownFileType = text.plist.xml; path = Info.plist; sourceTree = "<group>"; };
		42BFB2A71AC393270039AA2C /* CPC_iOS_WallaceTests.m */ = {isa = PBXFileReference; lastKnownFileType = sourcecode.c.objc; path = CPC_iOS_WallaceTests.m; sourceTree = "<group>"; };
		42BFB2B21AC39B550039AA2C /* Grade Distribution Logo.png */ = {isa = PBXFileReference; lastKnownFileType = image.png; path = "Grade Distribution Logo.png"; sourceTree = "<group>"; };
/* End PBXFileReference section */

/* Begin PBXFrameworksBuildPhase section */
		42BFB2851AC393270039AA2C /* Frameworks */ = {
			isa = PBXFrameworksBuildPhase;
			buildActionMask = 2147483647;
			files = (
			);
			runOnlyForDeploymentPostprocessing = 0;
		};
		42BFB29E1AC393270039AA2C /* Frameworks */ = {
			isa = PBXFrameworksBuildPhase;
			buildActionMask = 2147483647;
			files = (
			);
			runOnlyForDeploymentPostprocessing = 0;
		};
/* End PBXFrameworksBuildPhase section */

/* Begin PBXGroup section */
		42BFB27F1AC393270039AA2C = {
			isa = PBXGroup;
			children = (
				42BFB28A1AC393270039AA2C /* CPC iOS Wallace */,
				42BFB2A41AC393270039AA2C /* CPC iOS WallaceTests */,
				42BFB2891AC393270039AA2C /* Products */,
			);
			sourceTree = "<group>";
		};
		42BFB2891AC393270039AA2C /* Products */ = {
			isa = PBXGroup;
			children = (
				42BFB2881AC393270039AA2C /* CPC iOS Wallace.app */,
				42BFB2A11AC393270039AA2C /* CPC iOS WallaceTests.xctest */,
			);
			name = Products;
			sourceTree = "<group>";
		};
		42BFB28A1AC393270039AA2C /* CPC iOS Wallace */ = {
			isa = PBXGroup;
			children = (
				42BFB28F1AC393270039AA2C /* AppDelegate.h */,
				42BFB2901AC393270039AA2C /* AppDelegate.m */,
				42BFB2921AC393270039AA2C /* ViewController.h */,
				42BFB2931AC393270039AA2C /* ViewController.m */,
				42BFB2951AC393270039AA2C /* Main.storyboard */,
				42BFB2981AC393270039AA2C /* Images.xcassets */,
				42BFB29A1AC393270039AA2C /* LaunchScreen.xib */,
				42BFB2B11AC39B300039AA2C /* Images */,
				42BFB28B1AC393270039AA2C /* Supporting Files */,
			);
			path = "CPC iOS Wallace";
			sourceTree = "<group>";
		};
		42BFB28B1AC393270039AA2C /* Supporting Files */ = {
			isa = PBXGroup;
			children = (
				42BFB28C1AC393270039AA2C /* Info.plist */,
				42BFB28D1AC393270039AA2C /* main.m */,
			);
			name = "Supporting Files";
			sourceTree = "<group>";
		};
		42BFB2A41AC393270039AA2C /* CPC iOS WallaceTests */ = {
			isa = PBXGroup;
			children = (
				42BFB2A71AC393270039AA2C /* CPC_iOS_WallaceTests.m */,
				42BFB2A51AC393270039AA2C /* Supporting Files */,
			);
			path = "CPC iOS WallaceTests";
			sourceTree = "<group>";
		};
		42BFB2A51AC393270039AA2C /* Supporting Files */ = {
			isa = PBXGroup;
			children = (
				42BFB2A61AC393270039AA2C /* Info.plist */,
			);
			name = "Supporting Files";
			sourceTree = "<group>";
		};
		42BFB2B11AC39B300039AA2C /* Images */ = {
			isa = PBXGroup;
			children = (
				42BFB2B21AC39B550039AA2C /* Grade Distribution Logo.png */,
			);
			name = Images;
			sourceTree = "<group>";
		};
/* End PBXGroup section */

/* Begin PBXNativeTarget section */
		42BFB2871AC393270039AA2C /* CPC iOS Wallace */ = {
			isa = PBXNativeTarget;
			buildConfigurationList = 42BFB2AB1AC393270039AA2C /* Build configuration list for PBXNativeTarget "CPC iOS Wallace" */;
			buildPhases = (
				42BFB2841AC393270039AA2C /* Sources */,
				42BFB2851AC393270039AA2C /* Frameworks */,
				42BFB2861AC393270039AA2C /* Resources */,
			);
			buildRules = (
			);
			dependencies = (
			);
			name = "CPC iOS Wallace";
			productName = "CPC iOS Wallace";
			productReference = 42BFB2881AC393270039AA2C /* CPC iOS Wallace.app */;
			productType = "com.apple.product-type.application";
		};
		42BFB2A01AC393270039AA2C /* CPC iOS WallaceTests */ = {
			isa = PBXNativeTarget;
			buildConfigurationList = 42BFB2AE1AC393270039AA2C /* Build configuration list for PBXNativeTarget "CPC iOS WallaceTests" */;
			buildPhases = (
				42BFB29D1AC393270039AA2C /* Sources */,
				42BFB29E1AC393270039AA2C /* Frameworks */,
				42BFB29F1AC393270039AA2C /* Resources */,
			);
			buildRules = (
			);
			dependencies = (
				42BFB2A31AC393270039AA2C /* PBXTargetDependency */,
			);
			name = "CPC iOS WallaceTests";
			productName = "CPC iOS WallaceTests";
			productReference = 42BFB2A11AC393270039AA2C /* CPC iOS WallaceTests.xctest */;
			productType = "com.apple.product-type.bundle.unit-test";
		};
/* End PBXNativeTarget section */

/* Begin PBXProject section */
		42BFB2801AC393270039AA2C /* Project object */ = {
			isa = PBXProject;
			attributes = {
				LastUpgradeCheck = 0620;
				ORGANIZATIONNAME = "SMC Computer Programming Club";
				TargetAttributes = {
					42BFB2871AC393270039AA2C = {
						CreatedOnToolsVersion = 6.2;
					};
					42BFB2A01AC393270039AA2C = {
						CreatedOnToolsVersion = 6.2;
						TestTargetID = 42BFB2871AC393270039AA2C;
					};
				};
			};
			buildConfigurationList = 42BFB2831AC393270039AA2C /* Build configuration list for PBXProject "CPC iOS Wallace" */;
			compatibilityVersion = "Xcode 3.2";
			developmentRegion = English;
			hasScannedForEncodings = 0;
			knownRegions = (
				en,
				Base,
			);
			mainGroup = 42BFB27F1AC393270039AA2C;
			productRefGroup = 42BFB2891AC393270039AA2C /* Products */;
			projectDirPath = "";
			projectRoot = "";
			targets = (
				42BFB2871AC393270039AA2C /* CPC iOS Wallace */,
				42BFB2A01AC393270039AA2C /* CPC iOS WallaceTests */,
			);
		};
/* End PBXProject section */

/* Begin PBXResourcesBuildPhase section */
		42BFB2861AC393270039AA2C /* Resources */ = {
			isa = PBXResourcesBuildPhase;
			buildActionMask = 2147483647;
			files = (
				42BFB2971AC393270039AA2C /* Main.storyboard in Resources */,
				42BFB29C1AC393270039AA2C /* LaunchScreen.xib in Resources */,
				42BFB2B31AC39B550039AA2C /* Grade Distribution Logo.png in Resources */,
				42BFB2991AC393270039AA2C /* Images.xcassets in Resources */,
			);
			runOnlyForDeploymentPostprocessing = 0;
		};
		42BFB29F1AC393270039AA2C /* Resources */ = {
			isa = PBXResourcesBuildPhase;
			buildActionMask = 2147483647;
			files = (
			);
			runOnlyForDeploymentPostprocessing = 0;
		};
/* End PBXResourcesBuildPhase section */

/* Begin PBXSourcesBuildPhase section */
		42BFB2841AC393270039AA2C /* Sources */ = {
			isa = PBXSourcesBuildPhase;
			buildActionMask = 2147483647;
			files = (
				42BFB2941AC393270039AA2C /* ViewController.m in Sources */,
				42BFB2911AC393270039AA2C /* AppDelegate.m in Sources */,
				42BFB28E1AC393270039AA2C /* main.m in Sources */,
			);
			runOnlyForDeploymentPostprocessing = 0;
		};
		42BFB29D1AC393270039AA2C /* Sources */ = {
			isa = PBXSourcesBuildPhase;
			buildActionMask = 2147483647;
			files = (
				42BFB2A81AC393270039AA2C /* CPC_iOS_WallaceTests.m in Sources */,
			);
			runOnlyForDeploymentPostprocessing = 0;
		};
/* End PBXSourcesBuildPhase section */

/* Begin PBXTargetDependency section */
		42BFB2A31AC393270039AA2C /* PBXTargetDependency */ = {
			isa = PBXTargetDependency;
			target = 42BFB2871AC393270039AA2C /* CPC iOS Wallace */;
			targetProxy = 42BFB2A21AC393270039AA2C /* PBXContainerItemProxy */;
		};
/* End PBXTargetDependency section */

/* Begin PBXVariantGroup section */
		42BFB2951AC393270039AA2C /* Main.storyboard */ = {
			isa = PBXVariantGroup;
			children = (
				42BFB2961AC393270039AA2C /* Base */,
			);
			name = Main.storyboard;
			sourceTree = "<group>";
		};
		42BFB29A1AC393270039AA2C /* LaunchScreen.xib */ = {
			isa = PBXVariantGroup;
			children = (
				42BFB29B1AC393270039AA2C /* Base */,
			);
			name = LaunchScreen.xib;
			sourceTree = "<group>";
		};
/* End PBXVariantGroup section */

/* Begin XCBuildConfiguration section */
		42BFB2A91AC393270039AA2C /* Debug */ = {
			isa = XCBuildConfiguration;
			buildSettings = {
				ALWAYS_SEARCH_USER_PATHS = NO;
				CLANG_CXX_LANGUAGE_STANDARD = "gnu++0x";
				CLANG_CXX_LIBRARY = "libc++";
				CLANG_ENABLE_MODULES = YES;
				CLANG_ENABLE_OBJC_ARC = YES;
				CLANG_WARN_BOOL_CONVERSION = YES;
				CLANG_WARN_CONSTANT_CONVERSION = YES;
				CLANG_WARN_DIRECT_OBJC_ISA_USAGE = YES_ERROR;
				CLANG_WARN_EMPTY_BODY = YES;
				CLANG_WARN_ENUM_CONVERSION = YES;
				CLANG_WARN_INT_CONVERSION = YES;
				CLANG_WARN_OBJC_ROOT_CLASS = YES_ERROR;
				CLANG_WARN_UNREACHABLE_CODE = YES;
				CLANG_WARN__DUPLICATE_METHOD_MATCH = YES;
				"CODE_SIGN_IDENTITY[sdk=iphoneos*]" = "iPhone Developer";
				COPY_PHASE_STRIP = NO;
				ENABLE_STRICT_OBJC_MSGSEND = YES;
				GCC_C_LANGUAGE_STANDARD = gnu99;
				GCC_DYNAMIC_NO_PIC = NO;
				GCC_OPTIMIZATION_LEVEL = 0;
				GCC_PREPROCESSOR_DEFINITIONS = (
					"DEBUG=1",
					"$(inherited)",
				);
				GCC_SYMBOLS_PRIVATE_EXTERN = NO;
				GCC_WARN_64_TO_32_BIT_CONVERSION = YES;
				GCC_WARN_ABOUT_RETURN_TYPE = YES_ERROR;
				GCC_WARN_UNDECLARED_SELECTOR = YES;
				GCC_WARN_UNINITIALIZED_AUTOS = YES_AGGRESSIVE;
				GCC_WARN_UNUSED_FUNCTION = YES;
				GCC_WARN_UNUSED_VARIABLE = YES;
				IPHONEOS_DEPLOYMENT_TARGET = 8.2;
				MTL_ENABLE_DEBUG_INFO = YES;
				ONLY_ACTIVE_ARCH = YES;
				SDKROOT = iphoneos;
			};
			name = Debug;
		};
		42BFB2AA1AC393270039AA2C /* Release */ = {
			isa = XCBuildConfiguration;
			buildSettings = {
				ALWAYS_SEARCH_USER_PATHS = NO;
				CLANG_CXX_LANGUAGE_STANDARD = "gnu++0x";
				CLANG_CXX_LIBRARY = "libc++";
				CLANG_ENABLE_MODULES = YES;
				CLANG_ENABLE_OBJC_ARC = YES;
				CLANG_WARN_BOOL_CONVERSION = YES;
				CLANG_WARN_CONSTANT_CONVERSION = YES;
				CLANG_WARN_DIRECT_OBJC_ISA_USAGE = YES_ERROR;
				CLANG_WARN_EMPTY_BODY = YES;
				CLANG_WARN_ENUM_CONVERSION = YES;
				CLANG_WARN_INT_CONVERSION = YES;
				CLANG_WARN_OBJC_ROOT_CLASS = YES_ERROR;
				CLANG_WARN_UNREACHABLE_CODE = YES;
				CLANG_WARN__DUPLICATE_METHOD_MATCH = YES;
				"CODE_SIGN_IDENTITY[sdk=iphoneos*]" = "iPhone Developer";
				COPY_PHASE_STRIP = NO;
				ENABLE_NS_ASSERTIONS = NO;
				ENABLE_STRICT_OBJC_MSGSEND = YES;
				GCC_C_LANGUAGE_STANDARD = gnu99;
				GCC_WARN_64_TO_32_BIT_CONVERSION = YES;
				GCC_WARN_ABOUT_RETURN_TYPE = YES_ERROR;
				GCC_WARN_UNDECLARED_SELECTOR = YES;
				GCC_WARN_UNINITIALIZED_AUTOS = YES_AGGRESSIVE;
				GCC_WARN_UNUSED_FUNCTION = YES;
				GCC_WARN_UNUSED_VARIABLE = YES;
				IPHONEOS_DEPLOYMENT_TARGET = 8.2;
				MTL_ENABLE_DEBUG_INFO = NO;
				SDKROOT = iphoneos;
				VALIDATE_PRODUCT = YES;
			};
			name = Release;
		};
		42BFB2AC1AC393270039AA2C /* Debug */ = {
			isa = XCBuildConfiguration;
			buildSettings = {
				ASSETCATALOG_COMPILER_APPICON_NAME = AppIcon;
				INFOPLIST_FILE = "CPC iOS Wallace/Info.plist";
				LD_RUNPATH_SEARCH_PATHS = "$(inherited) @executable_path/Frameworks";
				PRODUCT_NAME = "$(TARGET_NAME)";
			};
			name = Debug;
		};
		42BFB2AD1AC393270039AA2C /* Release */ = {
			isa = XCBuildConfiguration;
			buildSettings = {
				ASSETCATALOG_COMPILER_APPICON_NAME = AppIcon;
				INFOPLIST_FILE = "CPC iOS Wallace/Info.plist";
				LD_RUNPATH_SEARCH_PATHS = "$(inherited) @executable_path/Frameworks";
				PRODUCT_NAME = "$(TARGET_NAME)";
			};
			name = Release;
		};
		42BFB2AF1AC393270039AA2C /* Debug */ = {
			isa = XCBuildConfiguration;
			buildSettings = {
				BUNDLE_LOADER = "$(TEST_HOST)";
				FRAMEWORK_SEARCH_PATHS = (
					"$(SDKROOT)/Developer/Library/Frameworks",
					"$(inherited)",
				);
				GCC_PREPROCESSOR_DEFINITIONS = (
					"DEBUG=1",
					"$(inherited)",
				);
				INFOPLIST_FILE = "CPC iOS WallaceTests/Info.plist";
				LD_RUNPATH_SEARCH_PATHS = "$(inherited) @executable_path/Frameworks @loader_path/Frameworks";
				PRODUCT_NAME = "$(TARGET_NAME)";
				TEST_HOST = "$(BUILT_PRODUCTS_DIR)/CPC iOS Wallace.app/CPC iOS Wallace";
			};
			name = Debug;
		};
		42BFB2B01AC393270039AA2C /* Release */ = {
			isa = XCBuildConfiguration;
			buildSettings = {
				BUNDLE_LOADER = "$(TEST_HOST)";
				FRAMEWORK_SEARCH_PATHS = (
					"$(SDKROOT)/Developer/Library/Frameworks",
					"$(inherited)",
				);
				INFOPLIST_FILE = "CPC iOS WallaceTests/Info.plist";
				LD_RUNPATH_SEARCH_PATHS = "$(inherited) @executable_path/Frameworks @loader_path/Frameworks";
				PRODUCT_NAME = "$(TARGET_NAME)";
				TEST_HOST = "$(BUILT_PRODUCTS_DIR)/CPC iOS Wallace.app/CPC iOS Wallace";
			};
			name = Release;
		};
/* End XCBuildConfiguration section */

/* Begin XCConfigurationList section */
		42BFB2831AC393270039AA2C /* Build configuration list for PBXProject "CPC iOS Wallace" */ = {
			isa = XCConfigurationList;
			buildConfigurations = (
				42BFB2A91AC393270039AA2C /* Debug */,
				42BFB2AA1AC393270039AA2C /* Release */,
			);
			defaultConfigurationIsVisible = 0;
			defaultConfigurationName = Release;
		};
		42BFB2AB1AC393270039AA2C /* Build configuration list for PBXNativeTarget "CPC iOS Wallace" */ = {
			isa = XCConfigurationList;
			buildConfigurations = (
				42BFB2AC1AC393270039AA2C /* Debug */,
				42BFB2AD1AC393270039AA2C /* Release */,
			);
			defaultConfigurationIsVisible = 0;
		};
		42BFB2AE1AC393270039AA2C /* Build configuration list for PBXNativeTarget "CPC iOS WallaceTests" */ = {
			isa = XCConfigurationList;
			buildConfigurations = (
				42BFB2AF1AC393270039AA2C /* Debug */,
				42BFB2B01AC393270039AA2C /* Release */,
			);
			defaultConfigurationIsVisible = 0;
		};
/* End XCConfigurationList section */
	};
	rootObject = 42BFB2801AC393270039AA2C /* Project object */;
}
