// !$*UTF8*$!
{
	archiveVersion = 1;
	classes = {
	};
	objectVersion = 46;
	objects = {

/* Begin PBXBuildFile section */
		C00CAEF91B11AEE700606EFF /* image_traitBorder.png in Resources */ = {isa = PBXBuildFile; fileRef = C00CAEF81B11AEE700606EFF /* image_traitBorder.png */; };
		C01095001B06E56D005056FC /* image_background.png in Resources */ = {isa = PBXBuildFile; fileRef = C01094FA1B06E56D005056FC /* image_background.png */; };
		C01095011B06E56D005056FC /* image_background@2x.png in Resources */ = {isa = PBXBuildFile; fileRef = C01094FB1B06E56D005056FC /* image_background@2x.png */; };
		C01095021B06E56D005056FC /* image_background@3x.png in Resources */ = {isa = PBXBuildFile; fileRef = C01094FC1B06E56D005056FC /* image_background@3x.png */; };
		C01095031B06E56D005056FC /* image_logo.png in Resources */ = {isa = PBXBuildFile; fileRef = C01094FD1B06E56D005056FC /* image_logo.png */; };
		C01095041B06E56D005056FC /* image_logo@2x.png in Resources */ = {isa = PBXBuildFile; fileRef = C01094FE1B06E56D005056FC /* image_logo@2x.png */; };
		C01095051B06E56D005056FC /* image_logo@3x.png in Resources */ = {isa = PBXBuildFile; fileRef = C01094FF1B06E56D005056FC /* image_logo@3x.png */; };
		C0177BB61B1BC0A6005D4AB8 /* image_scrollFade_right.png in Resources */ = {isa = PBXBuildFile; fileRef = C0177BB41B1BC0A6005D4AB8 /* image_scrollFade_right.png */; };
		C0177BB71B1BC0A6005D4AB8 /* image_scrollFade_left.png in Resources */ = {isa = PBXBuildFile; fileRef = C0177BB51B1BC0A6005D4AB8 /* image_scrollFade_left.png */; };
		C036B9641B14F4C200241088 /* SwiftyJSON.swift in Sources */ = {isa = PBXBuildFile; fileRef = C036B9631B14F4C200241088 /* SwiftyJSON.swift */; };
		C036B9661B14F73400241088 /* DataManager.swift in Sources */ = {isa = PBXBuildFile; fileRef = C036B9651B14F73400241088 /* DataManager.swift */; };
		C036B96C1B150BB700241088 /* Department.swift in Sources */ = {isa = PBXBuildFile; fileRef = C036B9671B150BB700241088 /* Department.swift */; };
		C036B96D1B150BB700241088 /* GradeDistribution.swift in Sources */ = {isa = PBXBuildFile; fileRef = C036B9681B150BB700241088 /* GradeDistribution.swift */; };
		C036B96E1B150BB700241088 /* Professor.swift in Sources */ = {isa = PBXBuildFile; fileRef = C036B9691B150BB700241088 /* Professor.swift */; };
		C036B96F1B150BB700241088 /* Personality.swift in Sources */ = {isa = PBXBuildFile; fileRef = C036B96A1B150BB700241088 /* Personality.swift */; };
		C036B9701B150BB700241088 /* Course.swift in Sources */ = {isa = PBXBuildFile; fileRef = C036B96B1B150BB700241088 /* Course.swift */; };
		C06D72F91B048BAB00D3F6D9 /* button_search_professor.png in Resources */ = {isa = PBXBuildFile; fileRef = C06D72F71B048BAB00D3F6D9 /* button_search_professor.png */; };
		C06D72FA1B048BAB00D3F6D9 /* button_search_department.png in Resources */ = {isa = PBXBuildFile; fileRef = C06D72F81B048BAB00D3F6D9 /* button_search_department.png */; };
		C0779B041AD8C876004CAAA8 /* prefessorPortrait_temp.png in Resources */ = {isa = PBXBuildFile; fileRef = C0779B031AD8C876004CAAA8 /* prefessorPortrait_temp.png */; };
		C07DE0F61B0E45A2001A56C5 /* image_borderShadow_south.png in Resources */ = {isa = PBXBuildFile; fileRef = C07DE0F41B0E45A2001A56C5 /* image_borderShadow_south.png */; };
		C07DE0F71B0E45A2001A56C5 /* image_borderShadow_north.png in Resources */ = {isa = PBXBuildFile; fileRef = C07DE0F51B0E45A2001A56C5 /* image_borderShadow_north.png */; };
		C07DE0F91B0E4FE2001A56C5 /* image_borderImage_south.png in Resources */ = {isa = PBXBuildFile; fileRef = C07DE0F81B0E4FE2001A56C5 /* image_borderImage_south.png */; };
		C084B6C61B0C326D00F2285C /* portrait1.png in Resources */ = {isa = PBXBuildFile; fileRef = C084B6C31B0C326D00F2285C /* portrait1.png */; };
		C084B6C71B0C326D00F2285C /* portrait3.png in Resources */ = {isa = PBXBuildFile; fileRef = C084B6C41B0C326D00F2285C /* portrait3.png */; };
		C084B6C81B0C326D00F2285C /* portrait2.png in Resources */ = {isa = PBXBuildFile; fileRef = C084B6C51B0C326D00F2285C /* portrait2.png */; };
		C08803821B13D81100666852 /* DepartmentNames.txt in Resources */ = {isa = PBXBuildFile; fileRef = C08803811B13D81100666852 /* DepartmentNames.txt */; };
		C08803841B13D90000666852 /* ClassNames.txt in Resources */ = {isa = PBXBuildFile; fileRef = C08803831B13D90000666852 /* ClassNames.txt */; };
		C08803BB1B13F62600666852 /* MasterRootViewController.swift in Sources */ = {isa = PBXBuildFile; fileRef = C08803BA1B13F62600666852 /* MasterRootViewController.swift */; };
		C08804261B143F6800666852 /* RatingViewController.swift in Sources */ = {isa = PBXBuildFile; fileRef = C08804251B143F6800666852 /* RatingViewController.swift */; };
		C090C7981AE44AD100906991 /* headerGraphic.png in Resources */ = {isa = PBXBuildFile; fileRef = C090C7971AE44AD100906991 /* headerGraphic.png */; };
		C090C79A1AE44B0B00906991 /* logo_gradeDistribution.png in Resources */ = {isa = PBXBuildFile; fileRef = C090C7991AE44B0B00906991 /* logo_gradeDistribution.png */; };
		C0B788891AD5B8D70020AC5C /* divider_semesterPicker_vertical155.png in Resources */ = {isa = PBXBuildFile; fileRef = C0B788881AD5B8D70020AC5C /* divider_semesterPicker_vertical155.png */; };
		C0C099251AE4B53C00C6C147 /* Animations.swift in Sources */ = {isa = PBXBuildFile; fileRef = C0C099241AE4B53C00C6C147 /* Animations.swift */; };
		C0C3D8C31B0513C000B90ABF /* SMC_App.xcdatamodeld in Sources */ = {isa = PBXBuildFile; fileRef = C0C3D8C11B0513C000B90ABF /* SMC_App.xcdatamodeld */; };
		C0C3D8CA1B05156800B90ABF /* Module_ProfessorSearchViewController.swift in Sources */ = {isa = PBXBuildFile; fileRef = C0C3D8C91B05156800B90ABF /* Module_ProfessorSearchViewController.swift */; };
		C0C3D8CE1B05171600B90ABF /* GDFall2012ProfessorList.txt in Resources */ = {isa = PBXBuildFile; fileRef = C0C3D8CD1B05171600B90ABF /* GDFall2012ProfessorList.txt */; };
		C0CC8AC51AE34A1A00C37B7F /* prefessorPortrait.png in Resources */ = {isa = PBXBuildFile; fileRef = C0CC8AC41AE34A1A00C37B7F /* prefessorPortrait.png */; };
		C0E083BA1B07E4E900B5C66A /* image_starRatingEmpty.png in Resources */ = {isa = PBXBuildFile; fileRef = C0E083B81B07E4E900B5C66A /* image_starRatingEmpty.png */; };
		C0E083BB1B07E4E900B5C66A /* image_starRating.png in Resources */ = {isa = PBXBuildFile; fileRef = C0E083B91B07E4E900B5C66A /* image_starRating.png */; };
		C0E0BA731AD3503D008042CD /* AppDelegate.swift in Sources */ = {isa = PBXBuildFile; fileRef = C0E0BA721AD3503D008042CD /* AppDelegate.swift */; };
		C0E0BA781AD3503D008042CD /* Main.storyboard in Resources */ = {isa = PBXBuildFile; fileRef = C0E0BA761AD3503D008042CD /* Main.storyboard */; };
		C0E0BA7A1AD3503D008042CD /* Images.xcassets in Resources */ = {isa = PBXBuildFile; fileRef = C0E0BA791AD3503D008042CD /* Images.xcassets */; };
		C0E0BA7D1AD3503D008042CD /* LaunchScreen.xib in Resources */ = {isa = PBXBuildFile; fileRef = C0E0BA7B1AD3503D008042CD /* LaunchScreen.xib */; };
		C0E0BA891AD3503D008042CD /* SMC_AppTests.swift in Sources */ = {isa = PBXBuildFile; fileRef = C0E0BA881AD3503D008042CD /* SMC_AppTests.swift */; };
		C0E0BA9C1AD350E8008042CD /* logo_SMC.png in Resources */ = {isa = PBXBuildFile; fileRef = C0E0BA951AD350E8008042CD /* logo_SMC.png */; };
		C0E0BA9D1AD350E8008042CD /* ratingDot_off.png in Resources */ = {isa = PBXBuildFile; fileRef = C0E0BA961AD350E8008042CD /* ratingDot_off.png */; };
		C0E0BA9E1AD350E8008042CD /* ratingDot_high.png in Resources */ = {isa = PBXBuildFile; fileRef = C0E0BA971AD350E8008042CD /* ratingDot_high.png */; };
		C0E0BA9F1AD350E8008042CD /* ratingDot_medium.png in Resources */ = {isa = PBXBuildFile; fileRef = C0E0BA981AD350E8008042CD /* ratingDot_medium.png */; };
		C0E0BAA01AD350E8008042CD /* ratingDot_low.png in Resources */ = {isa = PBXBuildFile; fileRef = C0E0BA991AD350E8008042CD /* ratingDot_low.png */; };
		C0E0BAA11AD350E8008042CD /* divider_shadowedBottom.png in Resources */ = {isa = PBXBuildFile; fileRef = C0E0BA9A1AD350E8008042CD /* divider_shadowedBottom.png */; };
		C0F3A42A1B044D9400A382B5 /* ProfessorsTableViewController.swift in Sources */ = {isa = PBXBuildFile; fileRef = C0F3A4291B044D9400A382B5 /* ProfessorsTableViewController.swift */; };
		C0F3A42E1B044E0B00A382B5 /* ProfessorViewController.swift in Sources */ = {isa = PBXBuildFile; fileRef = C0F3A42D1B044E0B00A382B5 /* ProfessorViewController.swift */; };
		C0F3A4301B044E2B00A382B5 /* DepartmentViewController.swift in Sources */ = {isa = PBXBuildFile; fileRef = C0F3A42F1B044E2B00A382B5 /* DepartmentViewController.swift */; };
		C0F3A4321B044E3B00A382B5 /* DepartmentTableViewController.swift in Sources */ = {isa = PBXBuildFile; fileRef = C0F3A4311B044E3B00A382B5 /* DepartmentTableViewController.swift */; };
		C0F3A4341B044E6600A382B5 /* CoursesTableViewController.swift in Sources */ = {isa = PBXBuildFile; fileRef = C0F3A4331B044E6600A382B5 /* CoursesTableViewController.swift */; };
		C0F3A4361B044E8300A382B5 /* ProfessorProfileViewController.swift in Sources */ = {isa = PBXBuildFile; fileRef = C0F3A4351B044E8300A382B5 /* ProfessorProfileViewController.swift */; };
/* End PBXBuildFile section */

/* Begin PBXContainerItemProxy section */
		C0E0BA831AD3503D008042CD /* PBXContainerItemProxy */ = {
			isa = PBXContainerItemProxy;
			containerPortal = C0E0BA651AD3503D008042CD /* Project object */;
			proxyType = 1;
			remoteGlobalIDString = C0E0BA6C1AD3503D008042CD;
			remoteInfo = "SMC App";
		};
/* End PBXContainerItemProxy section */

/* Begin PBXFileReference section */
		C00CAEF81B11AEE700606EFF /* image_traitBorder.png */ = {isa = PBXFileReference; lastKnownFileType = image.png; path = image_traitBorder.png; sourceTree = "<group>"; };
		C01094FA1B06E56D005056FC /* image_background.png */ = {isa = PBXFileReference; lastKnownFileType = image.png; path = image_background.png; sourceTree = "<group>"; };
		C01094FB1B06E56D005056FC /* image_background@2x.png */ = {isa = PBXFileReference; lastKnownFileType = image.png; path = "image_background@2x.png"; sourceTree = "<group>"; };
		C01094FC1B06E56D005056FC /* image_background@3x.png */ = {isa = PBXFileReference; lastKnownFileType = image.png; path = "image_background@3x.png"; sourceTree = "<group>"; };
		C01094FD1B06E56D005056FC /* image_logo.png */ = {isa = PBXFileReference; lastKnownFileType = image.png; path = image_logo.png; sourceTree = "<group>"; };
		C01094FE1B06E56D005056FC /* image_logo@2x.png */ = {isa = PBXFileReference; lastKnownFileType = image.png; path = "image_logo@2x.png"; sourceTree = "<group>"; };
		C01094FF1B06E56D005056FC /* image_logo@3x.png */ = {isa = PBXFileReference; lastKnownFileType = image.png; path = "image_logo@3x.png"; sourceTree = "<group>"; };
		C0177BB41B1BC0A6005D4AB8 /* image_scrollFade_right.png */ = {isa = PBXFileReference; lastKnownFileType = image.png; path = image_scrollFade_right.png; sourceTree = "<group>"; };
		C0177BB51B1BC0A6005D4AB8 /* image_scrollFade_left.png */ = {isa = PBXFileReference; lastKnownFileType = image.png; path = image_scrollFade_left.png; sourceTree = "<group>"; };
		C036B9631B14F4C200241088 /* SwiftyJSON.swift */ = {isa = PBXFileReference; fileEncoding = 4; lastKnownFileType = sourcecode.swift; path = SwiftyJSON.swift; sourceTree = "<group>"; };
		C036B9651B14F73400241088 /* DataManager.swift */ = {isa = PBXFileReference; fileEncoding = 4; lastKnownFileType = sourcecode.swift; path = DataManager.swift; sourceTree = "<group>"; };
		C036B9671B150BB700241088 /* Department.swift */ = {isa = PBXFileReference; fileEncoding = 4; lastKnownFileType = sourcecode.swift; path = Department.swift; sourceTree = "<group>"; };
		C036B9681B150BB700241088 /* GradeDistribution.swift */ = {isa = PBXFileReference; fileEncoding = 4; lastKnownFileType = sourcecode.swift; path = GradeDistribution.swift; sourceTree = "<group>"; };
		C036B9691B150BB700241088 /* Professor.swift */ = {isa = PBXFileReference; fileEncoding = 4; lastKnownFileType = sourcecode.swift; path = Professor.swift; sourceTree = "<group>"; };
		C036B96A1B150BB700241088 /* Personality.swift */ = {isa = PBXFileReference; fileEncoding = 4; lastKnownFileType = sourcecode.swift; path = Personality.swift; sourceTree = "<group>"; };
		C036B96B1B150BB700241088 /* Course.swift */ = {isa = PBXFileReference; fileEncoding = 4; lastKnownFileType = sourcecode.swift; path = Course.swift; sourceTree = "<group>"; };
		C06D72F71B048BAB00D3F6D9 /* button_search_professor.png */ = {isa = PBXFileReference; lastKnownFileType = image.png; path = button_search_professor.png; sourceTree = "<group>"; };
		C06D72F81B048BAB00D3F6D9 /* button_search_department.png */ = {isa = PBXFileReference; lastKnownFileType = image.png; path = button_search_department.png; sourceTree = "<group>"; };
		C0779B031AD8C876004CAAA8 /* prefessorPortrait_temp.png */ = {isa = PBXFileReference; lastKnownFileType = image.png; path = prefessorPortrait_temp.png; sourceTree = "<group>"; };
		C07DE0F41B0E45A2001A56C5 /* image_borderShadow_south.png */ = {isa = PBXFileReference; lastKnownFileType = image.png; path = image_borderShadow_south.png; sourceTree = "<group>"; };
		C07DE0F51B0E45A2001A56C5 /* image_borderShadow_north.png */ = {isa = PBXFileReference; lastKnownFileType = image.png; path = image_borderShadow_north.png; sourceTree = "<group>"; };
		C07DE0F81B0E4FE2001A56C5 /* image_borderImage_south.png */ = {isa = PBXFileReference; lastKnownFileType = image.png; path = image_borderImage_south.png; sourceTree = "<group>"; };
		C084B6C31B0C326D00F2285C /* portrait1.png */ = {isa = PBXFileReference; lastKnownFileType = image.png; path = portrait1.png; sourceTree = "<group>"; };
		C084B6C41B0C326D00F2285C /* portrait3.png */ = {isa = PBXFileReference; lastKnownFileType = image.png; path = portrait3.png; sourceTree = "<group>"; };
		C084B6C51B0C326D00F2285C /* portrait2.png */ = {isa = PBXFileReference; lastKnownFileType = image.png; path = portrait2.png; sourceTree = "<group>"; };
		C08803811B13D81100666852 /* DepartmentNames.txt */ = {isa = PBXFileReference; fileEncoding = 4; lastKnownFileType = text; path = DepartmentNames.txt; sourceTree = "<group>"; };
		C08803831B13D90000666852 /* ClassNames.txt */ = {isa = PBXFileReference; fileEncoding = 4; lastKnownFileType = text; path = ClassNames.txt; sourceTree = "<group>"; };
		C08803BA1B13F62600666852 /* MasterRootViewController.swift */ = {isa = PBXFileReference; fileEncoding = 4; lastKnownFileType = sourcecode.swift; path = MasterRootViewController.swift; sourceTree = "<group>"; };
		C08804251B143F6800666852 /* RatingViewController.swift */ = {isa = PBXFileReference; fileEncoding = 4; lastKnownFileType = sourcecode.swift; path = RatingViewController.swift; sourceTree = "<group>"; };
		C08804271B14481B00666852 /* SMC_App v2.xcdatamodel */ = {isa = PBXFileReference; lastKnownFileType = wrapper.xcdatamodel; path = "SMC_App v2.xcdatamodel"; sourceTree = "<group>"; };
		C090C7971AE44AD100906991 /* headerGraphic.png */ = {isa = PBXFileReference; lastKnownFileType = image.png; path = headerGraphic.png; sourceTree = "<group>"; };
		C090C7991AE44B0B00906991 /* logo_gradeDistribution.png */ = {isa = PBXFileReference; lastKnownFileType = image.png; path = logo_gradeDistribution.png; sourceTree = "<group>"; };
		C0B788881AD5B8D70020AC5C /* divider_semesterPicker_vertical155.png */ = {isa = PBXFileReference; lastKnownFileType = image.png; path = divider_semesterPicker_vertical155.png; sourceTree = "<group>"; };
		C0C099241AE4B53C00C6C147 /* Animations.swift */ = {isa = PBXFileReference; fileEncoding = 4; lastKnownFileType = sourcecode.swift; path = Animations.swift; sourceTree = "<group>"; };
		C0C3D8C21B0513C000B90ABF /* SMC_App.xcdatamodel */ = {isa = PBXFileReference; lastKnownFileType = wrapper.xcdatamodel; path = SMC_App.xcdatamodel; sourceTree = "<group>"; };
		C0C3D8C91B05156800B90ABF /* Module_ProfessorSearchViewController.swift */ = {isa = PBXFileReference; fileEncoding = 4; lastKnownFileType = sourcecode.swift; path = Module_ProfessorSearchViewController.swift; sourceTree = "<group>"; };
		C0C3D8CD1B05171600B90ABF /* GDFall2012ProfessorList.txt */ = {isa = PBXFileReference; fileEncoding = 4; lastKnownFileType = text; path = GDFall2012ProfessorList.txt; sourceTree = "<group>"; };
		C0CC8AC41AE34A1A00C37B7F /* prefessorPortrait.png */ = {isa = PBXFileReference; lastKnownFileType = image.png; path = prefessorPortrait.png; sourceTree = "<group>"; };
		C0E083B81B07E4E900B5C66A /* image_starRatingEmpty.png */ = {isa = PBXFileReference; lastKnownFileType = image.png; path = image_starRatingEmpty.png; sourceTree = "<group>"; };
		C0E083B91B07E4E900B5C66A /* image_starRating.png */ = {isa = PBXFileReference; lastKnownFileType = image.png; path = image_starRating.png; sourceTree = "<group>"; };
		C0E0BA6D1AD3503D008042CD /* SMC App.app */ = {isa = PBXFileReference; explicitFileType = wrapper.application; includeInIndex = 0; path = "SMC App.app"; sourceTree = BUILT_PRODUCTS_DIR; };
		C0E0BA711AD3503D008042CD /* Info.plist */ = {isa = PBXFileReference; lastKnownFileType = text.plist.xml; path = Info.plist; sourceTree = "<group>"; };
		C0E0BA721AD3503D008042CD /* AppDelegate.swift */ = {isa = PBXFileReference; lastKnownFileType = sourcecode.swift; path = AppDelegate.swift; sourceTree = "<group>"; };
		C0E0BA771AD3503D008042CD /* Base */ = {isa = PBXFileReference; lastKnownFileType = file.storyboard; name = Base; path = Base.lproj/Main.storyboard; sourceTree = "<group>"; };
		C0E0BA791AD3503D008042CD /* Images.xcassets */ = {isa = PBXFileReference; lastKnownFileType = folder.assetcatalog; path = Images.xcassets; sourceTree = "<group>"; };
		C0E0BA7C1AD3503D008042CD /* Base */ = {isa = PBXFileReference; lastKnownFileType = file.xib; name = Base; path = Base.lproj/LaunchScreen.xib; sourceTree = "<group>"; };
		C0E0BA821AD3503D008042CD /* SMC AppTests.xctest */ = {isa = PBXFileReference; explicitFileType = wrapper.cfbundle; includeInIndex = 0; path = "SMC AppTests.xctest"; sourceTree = BUILT_PRODUCTS_DIR; };
		C0E0BA871AD3503D008042CD /* Info.plist */ = {isa = PBXFileReference; lastKnownFileType = text.plist.xml; path = Info.plist; sourceTree = "<group>"; };
		C0E0BA881AD3503D008042CD /* SMC_AppTests.swift */ = {isa = PBXFileReference; lastKnownFileType = sourcecode.swift; path = SMC_AppTests.swift; sourceTree = "<group>"; };
		C0E0BA951AD350E8008042CD /* logo_SMC.png */ = {isa = PBXFileReference; lastKnownFileType = image.png; path = logo_SMC.png; sourceTree = "<group>"; };
		C0E0BA961AD350E8008042CD /* ratingDot_off.png */ = {isa = PBXFileReference; lastKnownFileType = image.png; path = ratingDot_off.png; sourceTree = "<group>"; };
		C0E0BA971AD350E8008042CD /* ratingDot_high.png */ = {isa = PBXFileReference; lastKnownFileType = image.png; path = ratingDot_high.png; sourceTree = "<group>"; };
		C0E0BA981AD350E8008042CD /* ratingDot_medium.png */ = {isa = PBXFileReference; lastKnownFileType = image.png; path = ratingDot_medium.png; sourceTree = "<group>"; };
		C0E0BA991AD350E8008042CD /* ratingDot_low.png */ = {isa = PBXFileReference; lastKnownFileType = image.png; path = ratingDot_low.png; sourceTree = "<group>"; };
		C0E0BA9A1AD350E8008042CD /* divider_shadowedBottom.png */ = {isa = PBXFileReference; lastKnownFileType = image.png; path = divider_shadowedBottom.png; sourceTree = "<group>"; };
		C0F3A4291B044D9400A382B5 /* ProfessorsTableViewController.swift */ = {isa = PBXFileReference; fileEncoding = 4; lastKnownFileType = sourcecode.swift; path = ProfessorsTableViewController.swift; sourceTree = "<group>"; };
		C0F3A42D1B044E0B00A382B5 /* ProfessorViewController.swift */ = {isa = PBXFileReference; fileEncoding = 4; lastKnownFileType = sourcecode.swift; name = ProfessorViewController.swift; path = ../ProfessorViewController.swift; sourceTree = "<group>"; };
		C0F3A42F1B044E2B00A382B5 /* DepartmentViewController.swift */ = {isa = PBXFileReference; fileEncoding = 4; lastKnownFileType = sourcecode.swift; path = DepartmentViewController.swift; sourceTree = "<group>"; };
		C0F3A4311B044E3B00A382B5 /* DepartmentTableViewController.swift */ = {isa = PBXFileReference; fileEncoding = 4; lastKnownFileType = sourcecode.swift; path = DepartmentTableViewController.swift; sourceTree = "<group>"; };
		C0F3A4331B044E6600A382B5 /* CoursesTableViewController.swift */ = {isa = PBXFileReference; fileEncoding = 4; lastKnownFileType = sourcecode.swift; path = CoursesTableViewController.swift; sourceTree = "<group>"; };
		C0F3A4351B044E8300A382B5 /* ProfessorProfileViewController.swift */ = {isa = PBXFileReference; fileEncoding = 4; lastKnownFileType = sourcecode.swift; path = ProfessorProfileViewController.swift; sourceTree = "<group>"; };
/* End PBXFileReference section */

/* Begin PBXFrameworksBuildPhase section */
		C0E0BA6A1AD3503D008042CD /* Frameworks */ = {
			isa = PBXFrameworksBuildPhase;
			buildActionMask = 2147483647;
			files = (
			);
			runOnlyForDeploymentPostprocessing = 0;
		};
		C0E0BA7F1AD3503D008042CD /* Frameworks */ = {
			isa = PBXFrameworksBuildPhase;
			buildActionMask = 2147483647;
			files = (
			);
			runOnlyForDeploymentPostprocessing = 0;
		};
/* End PBXFrameworksBuildPhase section */

/* Begin PBXGroup section */
		C01095061B06E8EC005056FC /* Professor Profile */ = {
			isa = PBXGroup;
			children = (
				C0F3A4351B044E8300A382B5 /* ProfessorProfileViewController.swift */,
				C08804251B143F6800666852 /* RatingViewController.swift */,
			);
			name = "Professor Profile";
			sourceTree = "<group>";
		};
		C08804241B142F1800666852 /* MenuI Item: ProfessorSearch */ = {
			isa = PBXGroup;
			children = (
				C0C3D8C91B05156800B90ABF /* Module_ProfessorSearchViewController.swift */,
				C0F3A4281B04476C00A382B5 /* Department Search */,
				C0F3A4271B04475700A382B5 /* Professor Search */,
			);
			name = "MenuI Item: ProfessorSearch";
			sourceTree = "<group>";
		};
		C0C3D8B61B0510CF00B90ABF /* Data Models */ = {
			isa = PBXGroup;
			children = (
				C036B9651B14F73400241088 /* DataManager.swift */,
				C036B9631B14F4C200241088 /* SwiftyJSON.swift */,
				C0C3D8CD1B05171600B90ABF /* GDFall2012ProfessorList.txt */,
				C08803811B13D81100666852 /* DepartmentNames.txt */,
				C08803831B13D90000666852 /* ClassNames.txt */,
				C036B9671B150BB700241088 /* Department.swift */,
				C036B9681B150BB700241088 /* GradeDistribution.swift */,
				C036B9691B150BB700241088 /* Professor.swift */,
				C036B96A1B150BB700241088 /* Personality.swift */,
				C036B96B1B150BB700241088 /* Course.swift */,
				C0C3D8C11B0513C000B90ABF /* SMC_App.xcdatamodeld */,
			);
			name = "Data Models";
			sourceTree = "<group>";
		};
		C0C3D8C41B0514EE00B90ABF /* App Menu Items */ = {
			isa = PBXGroup;
			children = (
				C08804241B142F1800666852 /* MenuI Item: ProfessorSearch */,
			);
			name = "App Menu Items";
			sourceTree = "<group>";
		};
		C0E0BA641AD3503D008042CD = {
			isa = PBXGroup;
			children = (
				C0E0BA6F1AD3503D008042CD /* SMC App */,
				C0E0BA851AD3503D008042CD /* SMC AppTests */,
				C0E0BA6E1AD3503D008042CD /* Products */,
			);
			sourceTree = "<group>";
		};
		C0E0BA6E1AD3503D008042CD /* Products */ = {
			isa = PBXGroup;
			children = (
				C0E0BA6D1AD3503D008042CD /* SMC App.app */,
				C0E0BA821AD3503D008042CD /* SMC AppTests.xctest */,
			);
			name = Products;
			sourceTree = "<group>";
		};
		C0E0BA6F1AD3503D008042CD /* SMC App */ = {
			isa = PBXGroup;
			children = (
				C0E0BA721AD3503D008042CD /* AppDelegate.swift */,
				C08803BA1B13F62600666852 /* MasterRootViewController.swift */,
				C0C3D8C41B0514EE00B90ABF /* App Menu Items */,
				C0C3D8B61B0510CF00B90ABF /* Data Models */,
				C0C099241AE4B53C00C6C147 /* Animations.swift */,
				C0E0BA761AD3503D008042CD /* Main.storyboard */,
				C0E0BA791AD3503D008042CD /* Images.xcassets */,
				C0E0BA7B1AD3503D008042CD /* LaunchScreen.xib */,
				C0E0BAA21AD350F3008042CD /* Images */,
				C0E0BA701AD3503D008042CD /* Supporting Files */,
			);
			path = "SMC App";
			sourceTree = "<group>";
		};
		C0E0BA701AD3503D008042CD /* Supporting Files */ = {
			isa = PBXGroup;
			children = (
				C0E0BA711AD3503D008042CD /* Info.plist */,
			);
			name = "Supporting Files";
			sourceTree = "<group>";
		};
		C0E0BA851AD3503D008042CD /* SMC AppTests */ = {
			isa = PBXGroup;
			children = (
				C0E0BA881AD3503D008042CD /* SMC_AppTests.swift */,
				C0E0BA861AD3503D008042CD /* Supporting Files */,
			);
			path = "SMC AppTests";
			sourceTree = "<group>";
		};
		C0E0BA861AD3503D008042CD /* Supporting Files */ = {
			isa = PBXGroup;
			children = (
				C0E0BA871AD3503D008042CD /* Info.plist */,
			);
			name = "Supporting Files";
			sourceTree = "<group>";
		};
		C0E0BAA21AD350F3008042CD /* Images */ = {
			isa = PBXGroup;
			children = (
				C0177BB41B1BC0A6005D4AB8 /* image_scrollFade_right.png */,
				C0177BB51B1BC0A6005D4AB8 /* image_scrollFade_left.png */,
				C00CAEF81B11AEE700606EFF /* image_traitBorder.png */,
				C07DE0F81B0E4FE2001A56C5 /* image_borderImage_south.png */,
				C07DE0F41B0E45A2001A56C5 /* image_borderShadow_south.png */,
				C07DE0F51B0E45A2001A56C5 /* image_borderShadow_north.png */,
				C084B6C31B0C326D00F2285C /* portrait1.png */,
				C084B6C41B0C326D00F2285C /* portrait3.png */,
				C084B6C51B0C326D00F2285C /* portrait2.png */,
				C0E083B81B07E4E900B5C66A /* image_starRatingEmpty.png */,
				C0E083B91B07E4E900B5C66A /* image_starRating.png */,
				C01094FA1B06E56D005056FC /* image_background.png */,
				C01094FB1B06E56D005056FC /* image_background@2x.png */,
				C01094FC1B06E56D005056FC /* image_background@3x.png */,
				C01094FD1B06E56D005056FC /* image_logo.png */,
				C01094FE1B06E56D005056FC /* image_logo@2x.png */,
				C01094FF1B06E56D005056FC /* image_logo@3x.png */,
				C06D72F71B048BAB00D3F6D9 /* button_search_professor.png */,
				C06D72F81B048BAB00D3F6D9 /* button_search_department.png */,
				C0779B031AD8C876004CAAA8 /* prefessorPortrait_temp.png */,
				C0CC8AC41AE34A1A00C37B7F /* prefessorPortrait.png */,
				C0B788881AD5B8D70020AC5C /* divider_semesterPicker_vertical155.png */,
				C090C7991AE44B0B00906991 /* logo_gradeDistribution.png */,
				C090C7971AE44AD100906991 /* headerGraphic.png */,
				C0E0BA951AD350E8008042CD /* logo_SMC.png */,
				C0E0BA961AD350E8008042CD /* ratingDot_off.png */,
				C0E0BA971AD350E8008042CD /* ratingDot_high.png */,
				C0E0BA981AD350E8008042CD /* ratingDot_medium.png */,
				C0E0BA991AD350E8008042CD /* ratingDot_low.png */,
				C0E0BA9A1AD350E8008042CD /* divider_shadowedBottom.png */,
			);
			name = Images;
			sourceTree = "<group>";
		};
		C0F3A4271B04475700A382B5 /* Professor Search */ = {
			isa = PBXGroup;
			children = (
				C0F3A4291B044D9400A382B5 /* ProfessorsTableViewController.swift */,
				C0F3A42D1B044E0B00A382B5 /* ProfessorViewController.swift */,
				C01095061B06E8EC005056FC /* Professor Profile */,
			);
			name = "Professor Search";
			sourceTree = "<group>";
		};
		C0F3A4281B04476C00A382B5 /* Department Search */ = {
			isa = PBXGroup;
			children = (
				C0F3A42F1B044E2B00A382B5 /* DepartmentViewController.swift */,
				C0F3A4311B044E3B00A382B5 /* DepartmentTableViewController.swift */,
				C0F3A4331B044E6600A382B5 /* CoursesTableViewController.swift */,
			);
			name = "Department Search";
			sourceTree = "<group>";
		};
/* End PBXGroup section */

/* Begin PBXNativeTarget section */
		C0E0BA6C1AD3503D008042CD /* SMC App */ = {
			isa = PBXNativeTarget;
			buildConfigurationList = C0E0BA8C1AD3503D008042CD /* Build configuration list for PBXNativeTarget "SMC App" */;
			buildPhases = (
				C0E0BA691AD3503D008042CD /* Sources */,
				C0E0BA6A1AD3503D008042CD /* Frameworks */,
				C0E0BA6B1AD3503D008042CD /* Resources */,
			);
			buildRules = (
			);
			dependencies = (
			);
			name = "SMC App";
			productName = "SMC App";
			productReference = C0E0BA6D1AD3503D008042CD /* SMC App.app */;
			productType = "com.apple.product-type.application";
		};
		C0E0BA811AD3503D008042CD /* SMC AppTests */ = {
			isa = PBXNativeTarget;
			buildConfigurationList = C0E0BA8F1AD3503D008042CD /* Build configuration list for PBXNativeTarget "SMC AppTests" */;
			buildPhases = (
				C0E0BA7E1AD3503D008042CD /* Sources */,
				C0E0BA7F1AD3503D008042CD /* Frameworks */,
				C0E0BA801AD3503D008042CD /* Resources */,
			);
			buildRules = (
			);
			dependencies = (
				C0E0BA841AD3503D008042CD /* PBXTargetDependency */,
			);
			name = "SMC AppTests";
			productName = "SMC AppTests";
			productReference = C0E0BA821AD3503D008042CD /* SMC AppTests.xctest */;
			productType = "com.apple.product-type.bundle.unit-test";
		};
/* End PBXNativeTarget section */

/* Begin PBXProject section */
		C0E0BA651AD3503D008042CD /* Project object */ = {
			isa = PBXProject;
			attributes = {
				LastUpgradeCheck = 0620;
				ORGANIZATIONNAME = "CPC iOS";
				TargetAttributes = {
					C0E0BA6C1AD3503D008042CD = {
						CreatedOnToolsVersion = 6.2;
						DevelopmentTeam = XLUUE8NN5G;
					};
					C0E0BA811AD3503D008042CD = {
						CreatedOnToolsVersion = 6.2;
						TestTargetID = C0E0BA6C1AD3503D008042CD;
					};
				};
			};
			buildConfigurationList = C0E0BA681AD3503D008042CD /* Build configuration list for PBXProject "SMC App" */;
			compatibilityVersion = "Xcode 3.2";
			developmentRegion = English;
			hasScannedForEncodings = 0;
			knownRegions = (
				en,
				Base,
			);
			mainGroup = C0E0BA641AD3503D008042CD;
			productRefGroup = C0E0BA6E1AD3503D008042CD /* Products */;
			projectDirPath = "";
			projectRoot = "";
			targets = (
				C0E0BA6C1AD3503D008042CD /* SMC App */,
				C0E0BA811AD3503D008042CD /* SMC AppTests */,
			);
		};
/* End PBXProject section */

/* Begin PBXResourcesBuildPhase section */
		C0E0BA6B1AD3503D008042CD /* Resources */ = {
			isa = PBXResourcesBuildPhase;
			buildActionMask = 2147483647;
			files = (
				C0177BB61B1BC0A6005D4AB8 /* image_scrollFade_right.png in Resources */,
				C01095011B06E56D005056FC /* image_background@2x.png in Resources */,
				C0779B041AD8C876004CAAA8 /* prefessorPortrait_temp.png in Resources */,
				C0177BB71B1BC0A6005D4AB8 /* image_scrollFade_left.png in Resources */,
				C0E0BA9E1AD350E8008042CD /* ratingDot_high.png in Resources */,
				C084B6C81B0C326D00F2285C /* portrait2.png in Resources */,
				C0E0BAA11AD350E8008042CD /* divider_shadowedBottom.png in Resources */,
				C07DE0F91B0E4FE2001A56C5 /* image_borderImage_south.png in Resources */,
				C0E083BA1B07E4E900B5C66A /* image_starRatingEmpty.png in Resources */,
				C06D72FA1B048BAB00D3F6D9 /* button_search_department.png in Resources */,
				C07DE0F71B0E45A2001A56C5 /* image_borderShadow_north.png in Resources */,
				C01095031B06E56D005056FC /* image_logo.png in Resources */,
				C08803821B13D81100666852 /* DepartmentNames.txt in Resources */,
				C0E0BA781AD3503D008042CD /* Main.storyboard in Resources */,
				C0CC8AC51AE34A1A00C37B7F /* prefessorPortrait.png in Resources */,
				C00CAEF91B11AEE700606EFF /* image_traitBorder.png in Resources */,
				C0E0BA9F1AD350E8008042CD /* ratingDot_medium.png in Resources */,
				C01095051B06E56D005056FC /* image_logo@3x.png in Resources */,
				C0C3D8CE1B05171600B90ABF /* GDFall2012ProfessorList.txt in Resources */,
				C07DE0F61B0E45A2001A56C5 /* image_borderShadow_south.png in Resources */,
				C084B6C71B0C326D00F2285C /* portrait3.png in Resources */,
				C084B6C61B0C326D00F2285C /* portrait1.png in Resources */,
				C0E0BA7D1AD3503D008042CD /* LaunchScreen.xib in Resources */,
				C01095041B06E56D005056FC /* image_logo@2x.png in Resources */,
				C0E083BB1B07E4E900B5C66A /* image_starRating.png in Resources */,
				C06D72F91B048BAB00D3F6D9 /* button_search_professor.png in Resources */,
				C01095021B06E56D005056FC /* image_background@3x.png in Resources */,
				C0B788891AD5B8D70020AC5C /* divider_semesterPicker_vertical155.png in Resources */,
				C01095001B06E56D005056FC /* image_background.png in Resources */,
				C0E0BA9C1AD350E8008042CD /* logo_SMC.png in Resources */,
				C0E0BA9D1AD350E8008042CD /* ratingDot_off.png in Resources */,
				C0E0BAA01AD350E8008042CD /* ratingDot_low.png in Resources */,
				C08803841B13D90000666852 /* ClassNames.txt in Resources */,
				C0E0BA7A1AD3503D008042CD /* Images.xcassets in Resources */,
				C090C79A1AE44B0B00906991 /* logo_gradeDistribution.png in Resources */,
				C090C7981AE44AD100906991 /* headerGraphic.png in Resources */,
			);
			runOnlyForDeploymentPostprocessing = 0;
		};
		C0E0BA801AD3503D008042CD /* Resources */ = {
			isa = PBXResourcesBuildPhase;
			buildActionMask = 2147483647;
			files = (
			);
			runOnlyForDeploymentPostprocessing = 0;
		};
/* End PBXResourcesBuildPhase section */

/* Begin PBXSourcesBuildPhase section */
		C0E0BA691AD3503D008042CD /* Sources */ = {
			isa = PBXSourcesBuildPhase;
			buildActionMask = 2147483647;
			files = (
				C036B96F1B150BB700241088 /* Personality.swift in Sources */,
				C0F3A4301B044E2B00A382B5 /* DepartmentViewController.swift in Sources */,
				C036B96E1B150BB700241088 /* Professor.swift in Sources */,
				C0F3A42E1B044E0B00A382B5 /* ProfessorViewController.swift in Sources */,
				C0C099251AE4B53C00C6C147 /* Animations.swift in Sources */,
				C08804261B143F6800666852 /* RatingViewController.swift in Sources */,
				C0F3A4341B044E6600A382B5 /* CoursesTableViewController.swift in Sources */,
				C0C3D8C31B0513C000B90ABF /* SMC_App.xcdatamodeld in Sources */,
				C0F3A42A1B044D9400A382B5 /* ProfessorsTableViewController.swift in Sources */,
				C08803BB1B13F62600666852 /* MasterRootViewController.swift in Sources */,
				C0F3A4361B044E8300A382B5 /* ProfessorProfileViewController.swift in Sources */,
				C036B9701B150BB700241088 /* Course.swift in Sources */,
				C036B9661B14F73400241088 /* DataManager.swift in Sources */,
				C0E0BA731AD3503D008042CD /* AppDelegate.swift in Sources */,
				C036B9641B14F4C200241088 /* SwiftyJSON.swift in Sources */,
				C0F3A4321B044E3B00A382B5 /* DepartmentTableViewController.swift in Sources */,
				C0C3D8CA1B05156800B90ABF /* Module_ProfessorSearchViewController.swift in Sources */,
				C036B96D1B150BB700241088 /* GradeDistribution.swift in Sources */,
				C036B96C1B150BB700241088 /* Department.swift in Sources */,
			);
			runOnlyForDeploymentPostprocessing = 0;
		};
		C0E0BA7E1AD3503D008042CD /* Sources */ = {
			isa = PBXSourcesBuildPhase;
			buildActionMask = 2147483647;
			files = (
				C0E0BA891AD3503D008042CD /* SMC_AppTests.swift in Sources */,
			);
			runOnlyForDeploymentPostprocessing = 0;
		};
/* End PBXSourcesBuildPhase section */

/* Begin PBXTargetDependency section */
		C0E0BA841AD3503D008042CD /* PBXTargetDependency */ = {
			isa = PBXTargetDependency;
			target = C0E0BA6C1AD3503D008042CD /* SMC App */;
			targetProxy = C0E0BA831AD3503D008042CD /* PBXContainerItemProxy */;
		};
/* End PBXTargetDependency section */

/* Begin PBXVariantGroup section */
		C0E0BA761AD3503D008042CD /* Main.storyboard */ = {
			isa = PBXVariantGroup;
			children = (
				C0E0BA771AD3503D008042CD /* Base */,
			);
			name = Main.storyboard;
			sourceTree = "<group>";
		};
		C0E0BA7B1AD3503D008042CD /* LaunchScreen.xib */ = {
			isa = PBXVariantGroup;
			children = (
				C0E0BA7C1AD3503D008042CD /* Base */,
			);
			name = LaunchScreen.xib;
			sourceTree = "<group>";
		};
/* End PBXVariantGroup section */

/* Begin XCBuildConfiguration section */
		C0E0BA8A1AD3503D008042CD /* Debug */ = {
			isa = XCBuildConfiguration;
			buildSettings = {
				ALWAYS_SEARCH_USER_PATHS = NO;
				CLANG_CXX_LANGUAGE_STANDARD = "gnu++0x";
				CLANG_CXX_LIBRARY = "libc++";
				CLANG_ENABLE_MODULES = YES;
				CLANG_ENABLE_OBJC_ARC = YES;
				CLANG_WARN_BOOL_CONVERSION = YES;
				CLANG_WARN_CONSTANT_CONVERSION = YES;
				CLANG_WARN_DIRECT_OBJC_ISA_USAGE = YES_ERROR;
				CLANG_WARN_EMPTY_BODY = YES;
				CLANG_WARN_ENUM_CONVERSION = YES;
				CLANG_WARN_INT_CONVERSION = YES;
				CLANG_WARN_OBJC_ROOT_CLASS = YES_ERROR;
				CLANG_WARN_UNREACHABLE_CODE = YES;
				CLANG_WARN__DUPLICATE_METHOD_MATCH = YES;
				"CODE_SIGN_IDENTITY[sdk=iphoneos*]" = "iPhone Developer";
				COPY_PHASE_STRIP = NO;
				ENABLE_STRICT_OBJC_MSGSEND = YES;
				GCC_C_LANGUAGE_STANDARD = gnu99;
				GCC_DYNAMIC_NO_PIC = NO;
				GCC_OPTIMIZATION_LEVEL = 0;
				GCC_PREPROCESSOR_DEFINITIONS = (
					"DEBUG=1",
					"$(inherited)",
				);
				GCC_SYMBOLS_PRIVATE_EXTERN = NO;
				GCC_WARN_64_TO_32_BIT_CONVERSION = YES;
				GCC_WARN_ABOUT_RETURN_TYPE = YES_ERROR;
				GCC_WARN_UNDECLARED_SELECTOR = YES;
				GCC_WARN_UNINITIALIZED_AUTOS = YES_AGGRESSIVE;
				GCC_WARN_UNUSED_FUNCTION = YES;
				GCC_WARN_UNUSED_VARIABLE = YES;
				IPHONEOS_DEPLOYMENT_TARGET = 8.2;
				MTL_ENABLE_DEBUG_INFO = YES;
				ONLY_ACTIVE_ARCH = YES;
				SDKROOT = iphoneos;
				SWIFT_OPTIMIZATION_LEVEL = "-Onone";
			};
			name = Debug;
		};
		C0E0BA8B1AD3503D008042CD /* Release */ = {
			isa = XCBuildConfiguration;
			buildSettings = {
				ALWAYS_SEARCH_USER_PATHS = NO;
				CLANG_CXX_LANGUAGE_STANDARD = "gnu++0x";
				CLANG_CXX_LIBRARY = "libc++";
				CLANG_ENABLE_MODULES = YES;
				CLANG_ENABLE_OBJC_ARC = YES;
				CLANG_WARN_BOOL_CONVERSION = YES;
				CLANG_WARN_CONSTANT_CONVERSION = YES;
				CLANG_WARN_DIRECT_OBJC_ISA_USAGE = YES_ERROR;
				CLANG_WARN_EMPTY_BODY = YES;
				CLANG_WARN_ENUM_CONVERSION = YES;
				CLANG_WARN_INT_CONVERSION = YES;
				CLANG_WARN_OBJC_ROOT_CLASS = YES_ERROR;
				CLANG_WARN_UNREACHABLE_CODE = YES;
				CLANG_WARN__DUPLICATE_METHOD_MATCH = YES;
				"CODE_SIGN_IDENTITY[sdk=iphoneos*]" = "iPhone Developer";
				COPY_PHASE_STRIP = NO;
				ENABLE_NS_ASSERTIONS = NO;
				ENABLE_STRICT_OBJC_MSGSEND = YES;
				GCC_C_LANGUAGE_STANDARD = gnu99;
				GCC_WARN_64_TO_32_BIT_CONVERSION = YES;
				GCC_WARN_ABOUT_RETURN_TYPE = YES_ERROR;
				GCC_WARN_UNDECLARED_SELECTOR = YES;
				GCC_WARN_UNINITIALIZED_AUTOS = YES_AGGRESSIVE;
				GCC_WARN_UNUSED_FUNCTION = YES;
				GCC_WARN_UNUSED_VARIABLE = YES;
				IPHONEOS_DEPLOYMENT_TARGET = 8.2;
				MTL_ENABLE_DEBUG_INFO = NO;
				SDKROOT = iphoneos;
				VALIDATE_PRODUCT = YES;
			};
			name = Release;
		};
		C0E0BA8D1AD3503D008042CD /* Debug */ = {
			isa = XCBuildConfiguration;
			buildSettings = {
				ASSETCATALOG_COMPILER_APPICON_NAME = AppIcon;
				INFOPLIST_FILE = "SMC App/Info.plist";
				LD_RUNPATH_SEARCH_PATHS = "$(inherited) @executable_path/Frameworks";
				PRODUCT_NAME = "$(TARGET_NAME)";
			};
			name = Debug;
		};
		C0E0BA8E1AD3503D008042CD /* Release */ = {
			isa = XCBuildConfiguration;
			buildSettings = {
				ASSETCATALOG_COMPILER_APPICON_NAME = AppIcon;
				INFOPLIST_FILE = "SMC App/Info.plist";
				LD_RUNPATH_SEARCH_PATHS = "$(inherited) @executable_path/Frameworks";
				PRODUCT_NAME = "$(TARGET_NAME)";
			};
			name = Release;
		};
		C0E0BA901AD3503D008042CD /* Debug */ = {
			isa = XCBuildConfiguration;
			buildSettings = {
				BUNDLE_LOADER = "$(TEST_HOST)";
				FRAMEWORK_SEARCH_PATHS = (
					"$(SDKROOT)/Developer/Library/Frameworks",
					"$(inherited)",
				);
				GCC_PREPROCESSOR_DEFINITIONS = (
					"DEBUG=1",
					"$(inherited)",
				);
				INFOPLIST_FILE = "SMC AppTests/Info.plist";
				LD_RUNPATH_SEARCH_PATHS = "$(inherited) @executable_path/Frameworks @loader_path/Frameworks";
				PRODUCT_NAME = "$(TARGET_NAME)";
				TEST_HOST = "$(BUILT_PRODUCTS_DIR)/SMC App.app/SMC App";
			};
			name = Debug;
		};
		C0E0BA911AD3503D008042CD /* Release */ = {
			isa = XCBuildConfiguration;
			buildSettings = {
				BUNDLE_LOADER = "$(TEST_HOST)";
				FRAMEWORK_SEARCH_PATHS = (
					"$(SDKROOT)/Developer/Library/Frameworks",
					"$(inherited)",
				);
				INFOPLIST_FILE = "SMC AppTests/Info.plist";
				LD_RUNPATH_SEARCH_PATHS = "$(inherited) @executable_path/Frameworks @loader_path/Frameworks";
				PRODUCT_NAME = "$(TARGET_NAME)";
				TEST_HOST = "$(BUILT_PRODUCTS_DIR)/SMC App.app/SMC App";
			};
			name = Release;
		};
/* End XCBuildConfiguration section */

/* Begin XCConfigurationList section */
		C0E0BA681AD3503D008042CD /* Build configuration list for PBXProject "SMC App" */ = {
			isa = XCConfigurationList;
			buildConfigurations = (
				C0E0BA8A1AD3503D008042CD /* Debug */,
				C0E0BA8B1AD3503D008042CD /* Release */,
			);
			defaultConfigurationIsVisible = 0;
			defaultConfigurationName = Release;
		};
		C0E0BA8C1AD3503D008042CD /* Build configuration list for PBXNativeTarget "SMC App" */ = {
			isa = XCConfigurationList;
			buildConfigurations = (
				C0E0BA8D1AD3503D008042CD /* Debug */,
				C0E0BA8E1AD3503D008042CD /* Release */,
			);
			defaultConfigurationIsVisible = 0;
			defaultConfigurationName = Release;
		};
		C0E0BA8F1AD3503D008042CD /* Build configuration list for PBXNativeTarget "SMC AppTests" */ = {
			isa = XCConfigurationList;
			buildConfigurations = (
				C0E0BA901AD3503D008042CD /* Debug */,
				C0E0BA911AD3503D008042CD /* Release */,
			);
			defaultConfigurationIsVisible = 0;
			defaultConfigurationName = Release;
		};
/* End XCConfigurationList section */

/* Begin XCVersionGroup section */
		C0C3D8C11B0513C000B90ABF /* SMC_App.xcdatamodeld */ = {
			isa = XCVersionGroup;
			children = (
				C08804271B14481B00666852 /* SMC_App v2.xcdatamodel */,
				C0C3D8C21B0513C000B90ABF /* SMC_App.xcdatamodel */,
			);
			currentVersion = C08804271B14481B00666852 /* SMC_App v2.xcdatamodel */;
			path = SMC_App.xcdatamodeld;
			sourceTree = "<group>";
			versionGroupType = wrapper.xcdatamodel;
		};
/* End XCVersionGroup section */
	};
	rootObject = C0E0BA651AD3503D008042CD /* Project object */;
}
